
Microsoft Visual Studio Solution File, Format Version 12.00
# Visual Studio 15
VisualStudioVersion = 15.0.28307.1062
MinimumVisualStudioVersion = 10.0.40219.1
Project("{FAE04EC0-301F-11D3-BF4B-00C04F79EFBC}") = "ChServer", "ChServer\ChServer.csproj", "{934C0A3C-0385-4F74-9D84-80BE08E770F6}"
EndProject
Project("{FAE04EC0-301F-11D3-BF4B-00C04F79EFBC}") = "ChClient", "ChClient\ChClient.csproj", "{E1FF4B35-2762-438A-9BA9-994E421395EE}"
EndProject
Global
	GlobalSection(SolutionConfigurationPlatforms) = preSolution
		Debug|Any CPU = Debug|Any CPU
		Release|Any CPU = Release|Any CPU
	EndGlobalSection
	GlobalSection(ProjectConfigurationPlatforms) = postSolution
		{934C0A3C-0385-4F74-9D84-80BE08E770F6}.Debug|Any CPU.ActiveCfg = Debug|Any CPU
		{934C0A3C-0385-4F74-9D84-80BE08E770F6}.Debug|Any CPU.Build.0 = Debug|Any CPU
		{934C0A3C-0385-4F74-9D84-80BE08E770F6}.Release|Any CPU.ActiveCfg = Release|Any CPU
		{934C0A3C-0385-4F74-9D84-80BE08E770F6}.Release|Any CPU.Build.0 = Release|Any CPU
		{E1FF4B35-2762-438A-9BA9-994E421395EE}.Debug|Any CPU.ActiveCfg = Debug|Any CPU
		{E1FF4B35-2762-438A-9BA9-994E421395EE}.Debug|Any CPU.Build.0 = Debug|Any CPU
		{E1FF4B35-2762-438A-9BA9-994E421395EE}.Release|Any CPU.ActiveCfg = Release|Any CPU
		{E1FF4B35-2762-438A-9BA9-994E421395EE}.Release|Any CPU.Build.0 = Release|Any CPU
	EndGlobalSection
	GlobalSection(SolutionProperties) = preSolution
		HideSolutionNode = FALSE
	EndGlobalSection
	GlobalSection(ExtensibilityGlobals) = postSolution
		SolutionGuid = {46BA495B-823F-499D-8536-D6AD26DFC8BF}
	EndGlobalSection
EndGlobal
